// !$*UTF8*$!
{
	archiveVersion = 1;
	classes = {
	};
	objectVersion = 46;
	objects = {

/* Begin PBXBuildFile section */
		1010DCF71D3D1DE8003D2719 /* AppDelegate.swift in Sources */ = {isa = PBXBuildFile; fileRef = 1010DCF61D3D1DE8003D2719 /* AppDelegate.swift */; };
		1010DCF91D3D1DE8003D2719 /* ViewController.swift in Sources */ = {isa = PBXBuildFile; fileRef = 1010DCF81D3D1DE8003D2719 /* ViewController.swift */; };
		1010DCFC1D3D1DE8003D2719 /* Main.storyboard in Resources */ = {isa = PBXBuildFile; fileRef = 1010DCFA1D3D1DE8003D2719 /* Main.storyboard */; };
		1010DCFE1D3D1DE8003D2719 /* Assets.xcassets in Resources */ = {isa = PBXBuildFile; fileRef = 1010DCFD1D3D1DE8003D2719 /* Assets.xcassets */; };
		1010DD011D3D1DE8003D2719 /* LaunchScreen.storyboard in Resources */ = {isa = PBXBuildFile; fileRef = 1010DCFF1D3D1DE8003D2719 /* LaunchScreen.storyboard */; };
		1010DD0A1D3D1F38003D2719 /* FNPDPhotoFetcher.swift in Sources */ = {isa = PBXBuildFile; fileRef = 1010DD091D3D1F38003D2719 /* FNPDPhotoFetcher.swift */; };
		1010DD0C1D3D3146003D2719 /* FNPhotoDrawer.swift in Sources */ = {isa = PBXBuildFile; fileRef = 1010DD0B1D3D3146003D2719 /* FNPhotoDrawer.swift */; };
		102E3C5F1D7484FB002E8611 /* FNPDPhotoQuire.swift in Sources */ = {isa = PBXBuildFile; fileRef = 102E3C5E1D7484FB002E8611 /* FNPDPhotoQuire.swift */; };
		1072E18A1D40AD47009B1302 /* FNPDShadowImageView.swift in Sources */ = {isa = PBXBuildFile; fileRef = 1072E1891D40AD47009B1302 /* FNPDShadowImageView.swift */; };
		10E65F881D3DE8D9003922EF /* FNPDPhotoCell.swift in Sources */ = {isa = PBXBuildFile; fileRef = 10E65F871D3DE8D9003922EF /* FNPDPhotoCell.swift */; };
		10EA3F511D757A3100812C8B /* FNPDImageHandler.swift in Sources */ = {isa = PBXBuildFile; fileRef = 10EA3F501D757A3100812C8B /* FNPDImageHandler.swift */; };
/* End PBXBuildFile section */

/* Begin PBXFileReference section */
		1010DCF31D3D1DE8003D2719 /* FNPhotoDrawer.app */ = {isa = PBXFileReference; explicitFileType = wrapper.application; includeInIndex = 0; path = FNPhotoDrawer.app; sourceTree = BUILT_PRODUCTS_DIR; };
		1010DCF61D3D1DE8003D2719 /* AppDelegate.swift */ = {isa = PBXFileReference; lastKnownFileType = sourcecode.swift; path = AppDelegate.swift; sourceTree = "<group>"; };
		1010DCF81D3D1DE8003D2719 /* ViewController.swift */ = {isa = PBXFileReference; lastKnownFileType = sourcecode.swift; path = ViewController.swift; sourceTree = "<group>"; };
		1010DCFB1D3D1DE8003D2719 /* Base */ = {isa = PBXFileReference; lastKnownFileType = file.storyboard; name = Base; path = Base.lproj/Main.storyboard; sourceTree = "<group>"; };
		1010DCFD1D3D1DE8003D2719 /* Assets.xcassets */ = {isa = PBXFileReference; lastKnownFileType = folder.assetcatalog; path = Assets.xcassets; sourceTree = "<group>"; };
		1010DD001D3D1DE8003D2719 /* Base */ = {isa = PBXFileReference; lastKnownFileType = file.storyboard; name = Base; path = Base.lproj/LaunchScreen.storyboard; sourceTree = "<group>"; };
		1010DD021D3D1DE8003D2719 /* Info.plist */ = {isa = PBXFileReference; lastKnownFileType = text.plist.xml; path = Info.plist; sourceTree = "<group>"; };
		1010DD091D3D1F38003D2719 /* FNPDPhotoFetcher.swift */ = {isa = PBXFileReference; fileEncoding = 4; lastKnownFileType = sourcecode.swift; path = FNPDPhotoFetcher.swift; sourceTree = "<group>"; };
		1010DD0B1D3D3146003D2719 /* FNPhotoDrawer.swift */ = {isa = PBXFileReference; fileEncoding = 4; lastKnownFileType = sourcecode.swift; path = FNPhotoDrawer.swift; sourceTree = "<group>"; };
		102E3C5E1D7484FB002E8611 /* FNPDPhotoQuire.swift */ = {isa = PBXFileReference; fileEncoding = 4; lastKnownFileType = sourcecode.swift; path = FNPDPhotoQuire.swift; sourceTree = "<group>"; };
		1072E1891D40AD47009B1302 /* FNPDShadowImageView.swift */ = {isa = PBXFileReference; fileEncoding = 4; lastKnownFileType = sourcecode.swift; path = FNPDShadowImageView.swift; sourceTree = "<group>"; };
		10E65F871D3DE8D9003922EF /* FNPDPhotoCell.swift */ = {isa = PBXFileReference; fileEncoding = 4; lastKnownFileType = sourcecode.swift; path = FNPDPhotoCell.swift; sourceTree = "<group>"; };
		10EA3F501D757A3100812C8B /* FNPDImageHandler.swift */ = {isa = PBXFileReference; fileEncoding = 4; lastKnownFileType = sourcecode.swift; path = FNPDImageHandler.swift; sourceTree = "<group>"; };
/* End PBXFileReference section */

/* Begin PBXFrameworksBuildPhase section */
		1010DCF01D3D1DE8003D2719 /* Frameworks */ = {
			isa = PBXFrameworksBuildPhase;
			buildActionMask = 2147483647;
			files = (
			);
			runOnlyForDeploymentPostprocessing = 0;
		};
/* End PBXFrameworksBuildPhase section */

/* Begin PBXGroup section */
		1010DCEA1D3D1DE7003D2719 = {
			isa = PBXGroup;
			children = (
				1010DCF51D3D1DE8003D2719 /* FNPhotoDrawer */,
				1010DCF41D3D1DE8003D2719 /* Products */,
			);
			sourceTree = "<group>";
		};
		1010DCF41D3D1DE8003D2719 /* Products */ = {
			isa = PBXGroup;
			children = (
				1010DCF31D3D1DE8003D2719 /* FNPhotoDrawer.app */,
			);
			name = Products;
			sourceTree = "<group>";
		};
		1010DCF51D3D1DE8003D2719 /* FNPhotoDrawer */ = {
			isa = PBXGroup;
			children = (
				1010DD081D3D1EB7003D2719 /* FNPhotoDrawer */,
				1010DCF61D3D1DE8003D2719 /* AppDelegate.swift */,
				1010DCF81D3D1DE8003D2719 /* ViewController.swift */,
				1010DCFA1D3D1DE8003D2719 /* Main.storyboard */,
				1010DCFD1D3D1DE8003D2719 /* Assets.xcassets */,
				1010DCFF1D3D1DE8003D2719 /* LaunchScreen.storyboard */,
				1010DD021D3D1DE8003D2719 /* Info.plist */,
			);
			path = FNPhotoDrawer;
			sourceTree = "<group>";
		};
		1010DD081D3D1EB7003D2719 /* FNPhotoDrawer */ = {
			isa = PBXGroup;
			children = (
				1010DD091D3D1F38003D2719 /* FNPDPhotoFetcher.swift */,
				10E65F871D3DE8D9003922EF /* FNPDPhotoCell.swift */,
				1010DD0B1D3D3146003D2719 /* FNPhotoDrawer.swift */,
				1072E1891D40AD47009B1302 /* FNPDShadowImageView.swift */,
				102E3C5E1D7484FB002E8611 /* FNPDPhotoQuire.swift */,
				10EA3F501D757A3100812C8B /* FNPDImageHandler.swift */,
			);
			path = FNPhotoDrawer;
			sourceTree = "<group>";
		};
/* End PBXGroup section */

/* Begin PBXNativeTarget section */
		1010DCF21D3D1DE8003D2719 /* FNPhotoDrawer */ = {
			isa = PBXNativeTarget;
			buildConfigurationList = 1010DD051D3D1DE8003D2719 /* Build configuration list for PBXNativeTarget "FNPhotoDrawer" */;
			buildPhases = (
				1010DCEF1D3D1DE8003D2719 /* Sources */,
				1010DCF01D3D1DE8003D2719 /* Frameworks */,
				1010DCF11D3D1DE8003D2719 /* Resources */,
			);
			buildRules = (
			);
			dependencies = (
			);
			name = FNPhotoDrawer;
			productName = FNPhotoDrawer;
			productReference = 1010DCF31D3D1DE8003D2719 /* FNPhotoDrawer.app */;
			productType = "com.apple.product-type.application";
		};
/* End PBXNativeTarget section */

/* Begin PBXProject section */
		1010DCEB1D3D1DE7003D2719 /* Project object */ = {
			isa = PBXProject;
			attributes = {
				LastSwiftUpdateCheck = 0730;
				LastUpgradeCheck = 0730;
				ORGANIZATIONNAME = Fnoz;
				TargetAttributes = {
					1010DCF21D3D1DE8003D2719 = {
						CreatedOnToolsVersion = 7.3.1;
					};
				};
			};
			buildConfigurationList = 1010DCEE1D3D1DE7003D2719 /* Build configuration list for PBXProject "FNPhotoDrawer" */;
			compatibilityVersion = "Xcode 3.2";
			developmentRegion = English;
			hasScannedForEncodings = 0;
			knownRegions = (
				en,
				Base,
			);
			mainGroup = 1010DCEA1D3D1DE7003D2719;
			productRefGroup = 1010DCF41D3D1DE8003D2719 /* Products */;
			projectDirPath = "";
			projectRoot = "";
			targets = (
				1010DCF21D3D1DE8003D2719 /* FNPhotoDrawer */,
			);
		};
/* End PBXProject section */

/* Begin PBXResourcesBuildPhase section */
		1010DCF11D3D1DE8003D2719 /* Resources */ = {
			isa = PBXResourcesBuildPhase;
			buildActionMask = 2147483647;
			files = (
				1010DD011D3D1DE8003D2719 /* LaunchScreen.storyboard in Resources */,
				1010DCFE1D3D1DE8003D2719 /* Assets.xcassets in Resources */,
				1010DCFC1D3D1DE8003D2719 /* Main.storyboard in Resources */,
			);
			runOnlyForDeploymentPostprocessing = 0;
		};
/* End PBXResourcesBuildPhase section */

/* Begin PBXSourcesBuildPhase section */
		1010DCEF1D3D1DE8003D2719 /* Sources */ = {
			isa = PBXSourcesBuildPhase;
			buildActionMask = 2147483647;
			files = (
				1010DCF91D3D1DE8003D2719 /* ViewController.swift in Sources */,
				1010DD0C1D3D3146003D2719 /* FNPhotoDrawer.swift in Sources */,
				10EA3F511D757A3100812C8B /* FNPDImageHandler.swift in Sources */,
				1072E18A1D40AD47009B1302 /* FNPDShadowImageView.swift in Sources */,
				102E3C5F1D7484FB002E8611 /* FNPDPhotoQuire.swift in Sources */,
				10E65F881D3DE8D9003922EF /* FNPDPhotoCell.swift in Sources */,
				1010DCF71D3D1DE8003D2719 /* AppDelegate.swift in Sources */,
				1010DD0A1D3D1F38003D2719 /* FNPDPhotoFetcher.swift in Sources */,
			);
			runOnlyForDeploymentPostprocessing = 0;
		};
/* End PBXSourcesBuildPhase section */

/* Begin PBXVariantGroup section */
		1010DCFA1D3D1DE8003D2719 /* Main.storyboard */ = {
			isa = PBXVariantGroup;
			children = (
				1010DCFB1D3D1DE8003D2719 /* Base */,
			);
			name = Main.storyboard;
			sourceTree = "<group>";
		};
		1010DCFF1D3D1DE8003D2719 /* LaunchScreen.storyboard */ = {
			isa = PBXVariantGroup;
			children = (
				1010DD001D3D1DE8003D2719 /* Base */,
			);
			name = LaunchScreen.storyboard;
			sourceTree = "<group>";
		};
/* End PBXVariantGroup section */

/* Begin XCBuildConfiguration section */
		1010DD031D3D1DE8003D2719 /* Debug */ = {
			isa = XCBuildConfiguration;
			buildSettings = {
				ALWAYS_SEARCH_USER_PATHS = NO;
				CLANG_ANALYZER_NONNULL = YES;
				CLANG_CXX_LANGUAGE_STANDARD = "gnu++0x";
				CLANG_CXX_LIBRARY = "libc++";
				CLANG_ENABLE_MODULES = YES;
				CLANG_ENABLE_OBJC_ARC = YES;
				CLANG_WARN_BOOL_CONVERSION = YES;
				CLANG_WARN_CONSTANT_CONVERSION = YES;
				CLANG_WARN_DIRECT_OBJC_ISA_USAGE = YES_ERROR;
				CLANG_WARN_EMPTY_BODY = YES;
				CLANG_WARN_ENUM_CONVERSION = YES;
				CLANG_WARN_INT_CONVERSION = YES;
				CLANG_WARN_OBJC_ROOT_CLASS = YES_ERROR;
				CLANG_WARN_UNREACHABLE_CODE = YES;
				CLANG_WARN__DUPLICATE_METHOD_MATCH = YES;
				"CODE_SIGN_IDENTITY[sdk=iphoneos*]" = "iPhone Developer";
				COPY_PHASE_STRIP = NO;
				DEBUG_INFORMATION_FORMAT = dwarf;
				ENABLE_STRICT_OBJC_MSGSEND = YES;
				ENABLE_TESTABILITY = YES;
				GCC_C_LANGUAGE_STANDARD = gnu99;
				GCC_DYNAMIC_NO_PIC = NO;
				GCC_NO_COMMON_BLOCKS = YES;
				GCC_OPTIMIZATION_LEVEL = 0;
				GCC_PREPROCESSOR_DEFINITIONS = (
					"DEBUG=1",
					"$(inherited)",
				);
				GCC_WARN_64_TO_32_BIT_CONVERSION = YES;
				GCC_WARN_ABOUT_RETURN_TYPE = YES_ERROR;
				GCC_WARN_UNDECLARED_SELECTOR = YES;
				GCC_WARN_UNINITIALIZED_AUTOS = YES_AGGRESSIVE;
				GCC_WARN_UNUSED_FUNCTION = YES;
				GCC_WARN_UNUSED_VARIABLE = YES;
				IPHONEOS_DEPLOYMENT_TARGET = 9.3;
				MTL_ENABLE_DEBUG_INFO = YES;
				ONLY_ACTIVE_ARCH = YES;
				SDKROOT = iphoneos;
				SWIFT_OPTIMIZATION_LEVEL = "-Onone";
			};
			name = Debug;
		};
		1010DD041D3D1DE8003D2719 /* Release */ = {
			isa = XCBuildConfiguration;
			buildSettings = {
				ALWAYS_SEARCH_USER_PATHS = NO;
				CLANG_ANALYZER_NONNULL = YES;
				CLANG_CXX_LANGUAGE_STANDARD = "gnu++0x";
				CLANG_CXX_LIBRARY = "libc++";
				CLANG_ENABLE_MODULES = YES;
				CLANG_ENABLE_OBJC_ARC = YES;
				CLANG_WARN_BOOL_CONVERSION = YES;
				CLANG_WARN_CONSTANT_CONVERSION = YES;
				CLANG_WARN_DIRECT_OBJC_ISA_USAGE = YES_ERROR;
				CLANG_WARN_EMPTY_BODY = YES;
				CLANG_WARN_ENUM_CONVERSION = YES;
				CLANG_WARN_INT_CONVERSION = YES;
				CLANG_WARN_OBJC_ROOT_CLASS = YES_ERROR;
				CLANG_WARN_UNREACHABLE_CODE = YES;
				CLANG_WARN__DUPLICATE_METHOD_MATCH = YES;
				"CODE_SIGN_IDENTITY[sdk=iphoneos*]" = "iPhone Developer";
				COPY_PHASE_STRIP = NO;
				DEBUG_INFORMATION_FORMAT = "dwarf-with-dsym";
				ENABLE_NS_ASSERTIONS = NO;
				ENABLE_STRICT_OBJC_MSGSEND = YES;
				GCC_C_LANGUAGE_STANDARD = gnu99;
				GCC_NO_COMMON_BLOCKS = YES;
				GCC_WARN_64_TO_32_BIT_CONVERSION = YES;
				GCC_WARN_ABOUT_RETURN_TYPE = YES_ERROR;
				GCC_WARN_UNDECLARED_SELECTOR = YES;
				GCC_WARN_UNINITIALIZED_AUTOS = YES_AGGRESSIVE;
				GCC_WARN_UNUSED_FUNCTION = YES;
				GCC_WARN_UNUSED_VARIABLE = YES;
				IPHONEOS_DEPLOYMENT_TARGET = 9.3;
				MTL_ENABLE_DEBUG_INFO = NO;
				SDKROOT = iphoneos;
				VALIDATE_PRODUCT = YES;
			};
			name = Release;
		};
		1010DD061D3D1DE8003D2719 /* Debug */ = {
			isa = XCBuildConfiguration;
			buildSettings = {
				ASSETCATALOG_COMPILER_APPICON_NAME = AppIcon;
				INFOPLIST_FILE = FNPhotoDrawer/Info.plist;
				LD_RUNPATH_SEARCH_PATHS = "$(inherited) @executable_path/Frameworks";
				PRODUCT_BUNDLE_IDENTIFIER = Fnoz.FNPhotoDrawer;
				PRODUCT_NAME = "$(TARGET_NAME)";
			};
			name = Debug;
		};
		1010DD071D3D1DE8003D2719 /* Release */ = {
			isa = XCBuildConfiguration;
			buildSettings = {
				ASSETCATALOG_COMPILER_APPICON_NAME = AppIcon;
				INFOPLIST_FILE = FNPhotoDrawer/Info.plist;
				LD_RUNPATH_SEARCH_PATHS = "$(inherited) @executable_path/Frameworks";
				PRODUCT_BUNDLE_IDENTIFIER = Fnoz.FNPhotoDrawer;
				PRODUCT_NAME = "$(TARGET_NAME)";
			};
			name = Release;
		};
/* End XCBuildConfiguration section */

/* Begin XCConfigurationList section */
		1010DCEE1D3D1DE7003D2719 /* Build configuration list for PBXProject "FNPhotoDrawer" */ = {
			isa = XCConfigurationList;
			buildConfigurations = (
				1010DD031D3D1DE8003D2719 /* Debug */,
				1010DD041D3D1DE8003D2719 /* Release */,
			);
			defaultConfigurationIsVisible = 0;
			defaultConfigurationName = Release;
		};
		1010DD051D3D1DE8003D2719 /* Build configuration list for PBXNativeTarget "FNPhotoDrawer" */ = {
			isa = XCConfigurationList;
			buildConfigurations = (
				1010DD061D3D1DE8003D2719 /* Debug */,
				1010DD071D3D1DE8003D2719 /* Release */,
			);
			defaultConfigurationIsVisible = 0;
			defaultConfigurationName = Release;
		};
/* End XCConfigurationList section */
	};
	rootObject = 1010DCEB1D3D1DE7003D2719 /* Project object */;
}
